// !$*UTF8*$!
{
	archiveVersion = 1;
	classes = {
	};
	objectVersion = 46;
	objects = {

/* Begin PBXBuildFile section */
		6D0BBB511F45CC87001CFDE3 /* PhotoCollectionViewCell.m in Sources */ = {isa = PBXBuildFile; fileRef = 6D0BBB4F1F45CC87001CFDE3 /* PhotoCollectionViewCell.m */; };
		6D0BBB521F45CC87001CFDE3 /* PhotoCollectionViewCell.m in Sources */ = {isa = PBXBuildFile; fileRef = 6D0BBB4F1F45CC87001CFDE3 /* PhotoCollectionViewCell.m */; };
		6D0BBB531F45CC87001CFDE3 /* PhotoCollectionViewCell.m in Sources */ = {isa = PBXBuildFile; fileRef = 6D0BBB4F1F45CC87001CFDE3 /* PhotoCollectionViewCell.m */; };
		6D0BBB541F45CC87001CFDE3 /* PhotoCollectionViewCell.xib in Resources */ = {isa = PBXBuildFile; fileRef = 6D0BBB501F45CC87001CFDE3 /* PhotoCollectionViewCell.xib */; };
		6D0BBB551F45CC87001CFDE3 /* PhotoCollectionViewCell.xib in Resources */ = {isa = PBXBuildFile; fileRef = 6D0BBB501F45CC87001CFDE3 /* PhotoCollectionViewCell.xib */; };
		6D0BBB561F45CC87001CFDE3 /* PhotoCollectionViewCell.xib in Resources */ = {isa = PBXBuildFile; fileRef = 6D0BBB501F45CC87001CFDE3 /* PhotoCollectionViewCell.xib */; };
		6D0BBB621F45D8DF001CFDE3 /* PhotoListPresenter.m in Sources */ = {isa = PBXBuildFile; fileRef = 6D0BBB611F45D8DF001CFDE3 /* PhotoListPresenter.m */; };
		6D0BBB631F45D8DF001CFDE3 /* PhotoListPresenter.m in Sources */ = {isa = PBXBuildFile; fileRef = 6D0BBB611F45D8DF001CFDE3 /* PhotoListPresenter.m */; };
		6D0BBB641F45D8DF001CFDE3 /* PhotoListPresenter.m in Sources */ = {isa = PBXBuildFile; fileRef = 6D0BBB611F45D8DF001CFDE3 /* PhotoListPresenter.m */; };
		6D0BBB681F45EFE2001CFDE3 /* DemoTextCell.m in Sources */ = {isa = PBXBuildFile; fileRef = 6D0BBB661F45EFE2001CFDE3 /* DemoTextCell.m */; };
		6D0BBB691F45EFE2001CFDE3 /* DemoTextCell.m in Sources */ = {isa = PBXBuildFile; fileRef = 6D0BBB661F45EFE2001CFDE3 /* DemoTextCell.m */; };
		6D0BBB6A1F45EFE2001CFDE3 /* DemoTextCell.m in Sources */ = {isa = PBXBuildFile; fileRef = 6D0BBB661F45EFE2001CFDE3 /* DemoTextCell.m */; };
		6D0BBB6B1F45EFE2001CFDE3 /* DemoTextCell.xib in Resources */ = {isa = PBXBuildFile; fileRef = 6D0BBB671F45EFE2001CFDE3 /* DemoTextCell.xib */; };
		6D0BBB6C1F45EFE2001CFDE3 /* DemoTextCell.xib in Resources */ = {isa = PBXBuildFile; fileRef = 6D0BBB671F45EFE2001CFDE3 /* DemoTextCell.xib */; };
		6D0BBB6D1F45EFE2001CFDE3 /* DemoTextCell.xib in Resources */ = {isa = PBXBuildFile; fileRef = 6D0BBB671F45EFE2001CFDE3 /* DemoTextCell.xib */; };
		6D0BBB711F45EFF5001CFDE3 /* DemoPhotoCell.m in Sources */ = {isa = PBXBuildFile; fileRef = 6D0BBB6F1F45EFF5001CFDE3 /* DemoPhotoCell.m */; };
		6D0BBB721F45EFF5001CFDE3 /* DemoPhotoCell.m in Sources */ = {isa = PBXBuildFile; fileRef = 6D0BBB6F1F45EFF5001CFDE3 /* DemoPhotoCell.m */; };
		6D0BBB731F45EFF5001CFDE3 /* DemoPhotoCell.m in Sources */ = {isa = PBXBuildFile; fileRef = 6D0BBB6F1F45EFF5001CFDE3 /* DemoPhotoCell.m */; };
		6D0BBB741F45EFF5001CFDE3 /* DemoPhotoCell.xib in Resources */ = {isa = PBXBuildFile; fileRef = 6D0BBB701F45EFF5001CFDE3 /* DemoPhotoCell.xib */; };
		6D0BBB751F45EFF5001CFDE3 /* DemoPhotoCell.xib in Resources */ = {isa = PBXBuildFile; fileRef = 6D0BBB701F45EFF5001CFDE3 /* DemoPhotoCell.xib */; };
		6D0BBB761F45EFF5001CFDE3 /* DemoPhotoCell.xib in Resources */ = {isa = PBXBuildFile; fileRef = 6D0BBB701F45EFF5001CFDE3 /* DemoPhotoCell.xib */; };
		6D0BBB7A1F45F012001CFDE3 /* DemoPhotoListCell.m in Sources */ = {isa = PBXBuildFile; fileRef = 6D0BBB781F45F012001CFDE3 /* DemoPhotoListCell.m */; };
		6D0BBB7B1F45F012001CFDE3 /* DemoPhotoListCell.m in Sources */ = {isa = PBXBuildFile; fileRef = 6D0BBB781F45F012001CFDE3 /* DemoPhotoListCell.m */; };
		6D0BBB7C1F45F012001CFDE3 /* DemoPhotoListCell.m in Sources */ = {isa = PBXBuildFile; fileRef = 6D0BBB781F45F012001CFDE3 /* DemoPhotoListCell.m */; };
		6D0BBB7D1F45F012001CFDE3 /* DemoPhotoListCell.xib in Resources */ = {isa = PBXBuildFile; fileRef = 6D0BBB791F45F012001CFDE3 /* DemoPhotoListCell.xib */; };
		6D0BBB7E1F45F012001CFDE3 /* DemoPhotoListCell.xib in Resources */ = {isa = PBXBuildFile; fileRef = 6D0BBB791F45F012001CFDE3 /* DemoPhotoListCell.xib */; };
		6D0BBB7F1F45F012001CFDE3 /* DemoPhotoListCell.xib in Resources */ = {isa = PBXBuildFile; fileRef = 6D0BBB791F45F012001CFDE3 /* DemoPhotoListCell.xib */; };
		6D2954CE1F45777300A47A91 /* MainViewController.m in Sources */ = {isa = PBXBuildFile; fileRef = 6D2954CC1F45777300A47A91 /* MainViewController.m */; };
		6D2954CF1F45777300A47A91 /* MainViewController.m in Sources */ = {isa = PBXBuildFile; fileRef = 6D2954CC1F45777300A47A91 /* MainViewController.m */; };
		6D2954D01F45777300A47A91 /* MainViewController.m in Sources */ = {isa = PBXBuildFile; fileRef = 6D2954CC1F45777300A47A91 /* MainViewController.m */; };
		6D2954D11F45777300A47A91 /* MainViewController.xib in Resources */ = {isa = PBXBuildFile; fileRef = 6D2954CD1F45777300A47A91 /* MainViewController.xib */; };
		6D2954D21F45777300A47A91 /* MainViewController.xib in Resources */ = {isa = PBXBuildFile; fileRef = 6D2954CD1F45777300A47A91 /* MainViewController.xib */; };
		6D2954D31F45777300A47A91 /* MainViewController.xib in Resources */ = {isa = PBXBuildFile; fileRef = 6D2954CD1F45777300A47A91 /* MainViewController.xib */; };
		6D2954D61F45779C00A47A91 /* RootNavController.m in Sources */ = {isa = PBXBuildFile; fileRef = 6D2954D51F45779C00A47A91 /* RootNavController.m */; };
		6D2954D71F45779C00A47A91 /* RootNavController.m in Sources */ = {isa = PBXBuildFile; fileRef = 6D2954D51F45779C00A47A91 /* RootNavController.m */; };
		6D2954D81F45779C00A47A91 /* RootNavController.m in Sources */ = {isa = PBXBuildFile; fileRef = 6D2954D51F45779C00A47A91 /* RootNavController.m */; };
		6D2954EA1F4584FA00A47A91 /* DemoText.m in Sources */ = {isa = PBXBuildFile; fileRef = 6D2954E91F4584FA00A47A91 /* DemoText.m */; };
		6D2954EB1F4584FA00A47A91 /* DemoText.m in Sources */ = {isa = PBXBuildFile; fileRef = 6D2954E91F4584FA00A47A91 /* DemoText.m */; };
		6D2954EC1F4584FA00A47A91 /* DemoText.m in Sources */ = {isa = PBXBuildFile; fileRef = 6D2954E91F4584FA00A47A91 /* DemoText.m */; };
		6D2954EF1F45851700A47A91 /* DemoPhoto.m in Sources */ = {isa = PBXBuildFile; fileRef = 6D2954EE1F45851700A47A91 /* DemoPhoto.m */; };
		6D2954F01F45851700A47A91 /* DemoPhoto.m in Sources */ = {isa = PBXBuildFile; fileRef = 6D2954EE1F45851700A47A91 /* DemoPhoto.m */; };
		6D2954F11F45851700A47A91 /* DemoPhoto.m in Sources */ = {isa = PBXBuildFile; fileRef = 6D2954EE1F45851700A47A91 /* DemoPhoto.m */; };
		6D2954F41F45852700A47A91 /* DemoPhotoList.m in Sources */ = {isa = PBXBuildFile; fileRef = 6D2954F31F45852700A47A91 /* DemoPhotoList.m */; };
		6D2954F51F45852700A47A91 /* DemoPhotoList.m in Sources */ = {isa = PBXBuildFile; fileRef = 6D2954F31F45852700A47A91 /* DemoPhotoList.m */; };
		6D2954F61F45852700A47A91 /* DemoPhotoList.m in Sources */ = {isa = PBXBuildFile; fileRef = 6D2954F31F45852700A47A91 /* DemoPhotoList.m */; };
		6D2954F91F4585D800A47A91 /* DemoTimeLine.m in Sources */ = {isa = PBXBuildFile; fileRef = 6D2954F81F4585D800A47A91 /* DemoTimeLine.m */; };
		6D2954FA1F4585D800A47A91 /* DemoTimeLine.m in Sources */ = {isa = PBXBuildFile; fileRef = 6D2954F81F4585D800A47A91 /* DemoTimeLine.m */; };
		6D2954FB1F4585D800A47A91 /* DemoTimeLine.m in Sources */ = {isa = PBXBuildFile; fileRef = 6D2954F81F4585D800A47A91 /* DemoTimeLine.m */; };
		6D2955271F45913E00A47A91 /* TextPresenter.m in Sources */ = {isa = PBXBuildFile; fileRef = 6D2955261F45913E00A47A91 /* TextPresenter.m */; };
		6D2955281F45913E00A47A91 /* TextPresenter.m in Sources */ = {isa = PBXBuildFile; fileRef = 6D2955261F45913E00A47A91 /* TextPresenter.m */; };
		6D2955291F45913E00A47A91 /* TextPresenter.m in Sources */ = {isa = PBXBuildFile; fileRef = 6D2955261F45913E00A47A91 /* TextPresenter.m */; };
		6D29552C1F4592E300A47A91 /* PhotoPresenter.m in Sources */ = {isa = PBXBuildFile; fileRef = 6D29552B1F4592E300A47A91 /* PhotoPresenter.m */; };
		6D29552D1F4592E300A47A91 /* PhotoPresenter.m in Sources */ = {isa = PBXBuildFile; fileRef = 6D29552B1F4592E300A47A91 /* PhotoPresenter.m */; };
		6D29552E1F4592E300A47A91 /* PhotoPresenter.m in Sources */ = {isa = PBXBuildFile; fileRef = 6D29552B1F4592E300A47A91 /* PhotoPresenter.m */; };
		6D2955311F45971700A47A91 /* TableViewPresenter.m in Sources */ = {isa = PBXBuildFile; fileRef = 6D2955301F45971700A47A91 /* TableViewPresenter.m */; };
		6D2955321F45971700A47A91 /* TableViewPresenter.m in Sources */ = {isa = PBXBuildFile; fileRef = 6D2955301F45971700A47A91 /* TableViewPresenter.m */; };
		6D2955331F45971700A47A91 /* TableViewPresenter.m in Sources */ = {isa = PBXBuildFile; fileRef = 6D2955301F45971700A47A91 /* TableViewPresenter.m */; };
		6D2955371F459AB900A47A91 /* TextViewController.m in Sources */ = {isa = PBXBuildFile; fileRef = 6D2955351F459AB900A47A91 /* TextViewController.m */; };
		6D2955381F459AB900A47A91 /* TextViewController.m in Sources */ = {isa = PBXBuildFile; fileRef = 6D2955351F459AB900A47A91 /* TextViewController.m */; };
		6D2955391F459AB900A47A91 /* TextViewController.m in Sources */ = {isa = PBXBuildFile; fileRef = 6D2955351F459AB900A47A91 /* TextViewController.m */; };
		6D29553A1F459AB900A47A91 /* TextViewController.xib in Resources */ = {isa = PBXBuildFile; fileRef = 6D2955361F459AB900A47A91 /* TextViewController.xib */; };
		6D29553B1F459AB900A47A91 /* TextViewController.xib in Resources */ = {isa = PBXBuildFile; fileRef = 6D2955361F459AB900A47A91 /* TextViewController.xib */; };
		6D29553C1F459AB900A47A91 /* TextViewController.xib in Resources */ = {isa = PBXBuildFile; fileRef = 6D2955361F459AB900A47A91 /* TextViewController.xib */; };
		6D2955401F459ACA00A47A91 /* PhotoViewController.m in Sources */ = {isa = PBXBuildFile; fileRef = 6D29553E1F459ACA00A47A91 /* PhotoViewController.m */; };
		6D2955411F459ACA00A47A91 /* PhotoViewController.m in Sources */ = {isa = PBXBuildFile; fileRef = 6D29553E1F459ACA00A47A91 /* PhotoViewController.m */; };
		6D2955421F459ACA00A47A91 /* PhotoViewController.m in Sources */ = {isa = PBXBuildFile; fileRef = 6D29553E1F459ACA00A47A91 /* PhotoViewController.m */; };
		6D2955431F459ACA00A47A91 /* PhotoViewController.xib in Resources */ = {isa = PBXBuildFile; fileRef = 6D29553F1F459ACA00A47A91 /* PhotoViewController.xib */; };
		6D2955441F459ACA00A47A91 /* PhotoViewController.xib in Resources */ = {isa = PBXBuildFile; fileRef = 6D29553F1F459ACA00A47A91 /* PhotoViewController.xib */; };
		6D2955451F459ACA00A47A91 /* PhotoViewController.xib in Resources */ = {isa = PBXBuildFile; fileRef = 6D29553F1F459ACA00A47A91 /* PhotoViewController.xib */; };
		E0BA84FB1F25E10800AA552A /* main.m in Sources */ = {isa = PBXBuildFile; fileRef = E0BA84FA1F25E10800AA552A /* main.m */; };
		E0BA84FE1F25E10800AA552A /* AppDelegate.m in Sources */ = {isa = PBXBuildFile; fileRef = E0BA84FD1F25E10800AA552A /* AppDelegate.m */; };
		E0BA85011F25E10800AA552A /* ViewController.m in Sources */ = {isa = PBXBuildFile; fileRef = E0BA85001F25E10800AA552A /* ViewController.m */; };
		E0BA85041F25E10800AA552A /* Main.storyboard in Resources */ = {isa = PBXBuildFile; fileRef = E0BA85021F25E10800AA552A /* Main.storyboard */; };
		E0BA85061F25E10800AA552A /* Assets.xcassets in Resources */ = {isa = PBXBuildFile; fileRef = E0BA85051F25E10800AA552A /* Assets.xcassets */; };
		E0BA85091F25E10800AA552A /* LaunchScreen.storyboard in Resources */ = {isa = PBXBuildFile; fileRef = E0BA85071F25E10800AA552A /* LaunchScreen.storyboard */; };
		E0BA85141F25E10800AA552A /* MVPDemoTests.m in Sources */ = {isa = PBXBuildFile; fileRef = E0BA85131F25E10800AA552A /* MVPDemoTests.m */; };
		E0BA851F1F25E10800AA552A /* MVPDemoUITests.m in Sources */ = {isa = PBXBuildFile; fileRef = E0BA851E1F25E10800AA552A /* MVPDemoUITests.m */; };
		E0BA85301F25E4FA00AA552A /* LoginModel.m in Sources */ = {isa = PBXBuildFile; fileRef = E0BA852F1F25E4FA00AA552A /* LoginModel.m */; };
		E0BA85311F25E4FA00AA552A /* LoginModel.m in Sources */ = {isa = PBXBuildFile; fileRef = E0BA852F1F25E4FA00AA552A /* LoginModel.m */; };
		E0BA85321F25E4FA00AA552A /* LoginModel.m in Sources */ = {isa = PBXBuildFile; fileRef = E0BA852F1F25E4FA00AA552A /* LoginModel.m */; };
		E0BA85361F25E66F00AA552A /* HttpUtils.m in Sources */ = {isa = PBXBuildFile; fileRef = E0BA85351F25E66F00AA552A /* HttpUtils.m */; };
		E0BA85371F25E66F00AA552A /* HttpUtils.m in Sources */ = {isa = PBXBuildFile; fileRef = E0BA85351F25E66F00AA552A /* HttpUtils.m */; };
		E0BA85381F25E66F00AA552A /* HttpUtils.m in Sources */ = {isa = PBXBuildFile; fileRef = E0BA85351F25E66F00AA552A /* HttpUtils.m */; };
		E0BA85441F25EF3700AA552A /* LoginPresenter.m in Sources */ = {isa = PBXBuildFile; fileRef = E0BA85431F25EF3700AA552A /* LoginPresenter.m */; };
		E0BA85451F25EF3700AA552A /* LoginPresenter.m in Sources */ = {isa = PBXBuildFile; fileRef = E0BA85431F25EF3700AA552A /* LoginPresenter.m */; };
		E0BA85461F25EF3700AA552A /* LoginPresenter.m in Sources */ = {isa = PBXBuildFile; fileRef = E0BA85431F25EF3700AA552A /* LoginPresenter.m */; };
/* End PBXBuildFile section */

/* Begin PBXContainerItemProxy section */
		E0BA85101F25E10800AA552A /* PBXContainerItemProxy */ = {
			isa = PBXContainerItemProxy;
			containerPortal = E0BA84EE1F25E10800AA552A /* Project object */;
			proxyType = 1;
			remoteGlobalIDString = E0BA84F51F25E10800AA552A;
			remoteInfo = MVPDemo;
		};
		E0BA851B1F25E10800AA552A /* PBXContainerItemProxy */ = {
			isa = PBXContainerItemProxy;
			containerPortal = E0BA84EE1F25E10800AA552A /* Project object */;
			proxyType = 1;
			remoteGlobalIDString = E0BA84F51F25E10800AA552A;
			remoteInfo = MVPDemo;
		};
/* End PBXContainerItemProxy section */

/* Begin PBXFileReference section */
		6D0BBB4E1F45CC87001CFDE3 /* PhotoCollectionViewCell.h */ = {isa = PBXFileReference; fileEncoding = 4; lastKnownFileType = sourcecode.c.h; path = PhotoCollectionViewCell.h; sourceTree = "<group>"; };
		6D0BBB4F1F45CC87001CFDE3 /* PhotoCollectionViewCell.m */ = {isa = PBXFileReference; fileEncoding = 4; lastKnownFileType = sourcecode.c.objc; path = PhotoCollectionViewCell.m; sourceTree = "<group>"; };
		6D0BBB501F45CC87001CFDE3 /* PhotoCollectionViewCell.xib */ = {isa = PBXFileReference; fileEncoding = 4; lastKnownFileType = file.xib; path = PhotoCollectionViewCell.xib; sourceTree = "<group>"; };
		6D0BBB601F45D8DF001CFDE3 /* PhotoListPresenter.h */ = {isa = PBXFileReference; fileEncoding = 4; lastKnownFileType = sourcecode.c.h; path = PhotoListPresenter.h; sourceTree = "<group>"; };
		6D0BBB611F45D8DF001CFDE3 /* PhotoListPresenter.m */ = {isa = PBXFileReference; fileEncoding = 4; lastKnownFileType = sourcecode.c.objc; path = PhotoListPresenter.m; sourceTree = "<group>"; };
		6D0BBB651F45EFE2001CFDE3 /* DemoTextCell.h */ = {isa = PBXFileReference; fileEncoding = 4; lastKnownFileType = sourcecode.c.h; path = DemoTextCell.h; sourceTree = "<group>"; };
		6D0BBB661F45EFE2001CFDE3 /* DemoTextCell.m */ = {isa = PBXFileReference; fileEncoding = 4; lastKnownFileType = sourcecode.c.objc; path = DemoTextCell.m; sourceTree = "<group>"; };
		6D0BBB671F45EFE2001CFDE3 /* DemoTextCell.xib */ = {isa = PBXFileReference; fileEncoding = 4; lastKnownFileType = file.xib; path = DemoTextCell.xib; sourceTree = "<group>"; };
		6D0BBB6E1F45EFF5001CFDE3 /* DemoPhotoCell.h */ = {isa = PBXFileReference; fileEncoding = 4; lastKnownFileType = sourcecode.c.h; path = DemoPhotoCell.h; sourceTree = "<group>"; };
		6D0BBB6F1F45EFF5001CFDE3 /* DemoPhotoCell.m */ = {isa = PBXFileReference; fileEncoding = 4; lastKnownFileType = sourcecode.c.objc; path = DemoPhotoCell.m; sourceTree = "<group>"; };
		6D0BBB701F45EFF5001CFDE3 /* DemoPhotoCell.xib */ = {isa = PBXFileReference; fileEncoding = 4; lastKnownFileType = file.xib; path = DemoPhotoCell.xib; sourceTree = "<group>"; };
		6D0BBB771F45F012001CFDE3 /* DemoPhotoListCell.h */ = {isa = PBXFileReference; fileEncoding = 4; lastKnownFileType = sourcecode.c.h; path = DemoPhotoListCell.h; sourceTree = "<group>"; };
		6D0BBB781F45F012001CFDE3 /* DemoPhotoListCell.m */ = {isa = PBXFileReference; fileEncoding = 4; lastKnownFileType = sourcecode.c.objc; path = DemoPhotoListCell.m; sourceTree = "<group>"; };
		6D0BBB791F45F012001CFDE3 /* DemoPhotoListCell.xib */ = {isa = PBXFileReference; fileEncoding = 4; lastKnownFileType = file.xib; path = DemoPhotoListCell.xib; sourceTree = "<group>"; };
		6D2954CB1F45777300A47A91 /* MainViewController.h */ = {isa = PBXFileReference; fileEncoding = 4; lastKnownFileType = sourcecode.c.h; path = MainViewController.h; sourceTree = "<group>"; };
		6D2954CC1F45777300A47A91 /* MainViewController.m */ = {isa = PBXFileReference; fileEncoding = 4; lastKnownFileType = sourcecode.c.objc; path = MainViewController.m; sourceTree = "<group>"; };
		6D2954CD1F45777300A47A91 /* MainViewController.xib */ = {isa = PBXFileReference; fileEncoding = 4; lastKnownFileType = file.xib; path = MainViewController.xib; sourceTree = "<group>"; };
		6D2954D41F45779C00A47A91 /* RootNavController.h */ = {isa = PBXFileReference; fileEncoding = 4; lastKnownFileType = sourcecode.c.h; path = RootNavController.h; sourceTree = "<group>"; };
		6D2954D51F45779C00A47A91 /* RootNavController.m */ = {isa = PBXFileReference; fileEncoding = 4; lastKnownFileType = sourcecode.c.objc; path = RootNavController.m; sourceTree = "<group>"; };
		6D2954E21F45826000A47A91 /* DemoPresenterProtocol.h */ = {isa = PBXFileReference; fileEncoding = 4; lastKnownFileType = sourcecode.c.h; path = DemoPresenterProtocol.h; sourceTree = "<group>"; };
		6D2954E81F4584FA00A47A91 /* DemoText.h */ = {isa = PBXFileReference; fileEncoding = 4; lastKnownFileType = sourcecode.c.h; path = DemoText.h; sourceTree = "<group>"; };
		6D2954E91F4584FA00A47A91 /* DemoText.m */ = {isa = PBXFileReference; fileEncoding = 4; lastKnownFileType = sourcecode.c.objc; path = DemoText.m; sourceTree = "<group>"; };
		6D2954ED1F45851700A47A91 /* DemoPhoto.h */ = {isa = PBXFileReference; fileEncoding = 4; lastKnownFileType = sourcecode.c.h; path = DemoPhoto.h; sourceTree = "<group>"; };
		6D2954EE1F45851700A47A91 /* DemoPhoto.m */ = {isa = PBXFileReference; fileEncoding = 4; lastKnownFileType = sourcecode.c.objc; path = DemoPhoto.m; sourceTree = "<group>"; };
		6D2954F21F45852700A47A91 /* DemoPhotoList.h */ = {isa = PBXFileReference; fileEncoding = 4; lastKnownFileType = sourcecode.c.h; path = DemoPhotoList.h; sourceTree = "<group>"; };
		6D2954F31F45852700A47A91 /* DemoPhotoList.m */ = {isa = PBXFileReference; fileEncoding = 4; lastKnownFileType = sourcecode.c.objc; path = DemoPhotoList.m; sourceTree = "<group>"; };
		6D2954F71F4585D800A47A91 /* DemoTimeLine.h */ = {isa = PBXFileReference; fileEncoding = 4; lastKnownFileType = sourcecode.c.h; path = DemoTimeLine.h; sourceTree = "<group>"; };
		6D2954F81F4585D800A47A91 /* DemoTimeLine.m */ = {isa = PBXFileReference; fileEncoding = 4; lastKnownFileType = sourcecode.c.objc; path = DemoTimeLine.m; sourceTree = "<group>"; };
		6D2955251F45913E00A47A91 /* TextPresenter.h */ = {isa = PBXFileReference; fileEncoding = 4; lastKnownFileType = sourcecode.c.h; path = TextPresenter.h; sourceTree = "<group>"; };
		6D2955261F45913E00A47A91 /* TextPresenter.m */ = {isa = PBXFileReference; fileEncoding = 4; lastKnownFileType = sourcecode.c.objc; path = TextPresenter.m; sourceTree = "<group>"; };
		6D29552A1F4592E300A47A91 /* PhotoPresenter.h */ = {isa = PBXFileReference; fileEncoding = 4; lastKnownFileType = sourcecode.c.h; path = PhotoPresenter.h; sourceTree = "<group>"; };
		6D29552B1F4592E300A47A91 /* PhotoPresenter.m */ = {isa = PBXFileReference; fileEncoding = 4; lastKnownFileType = sourcecode.c.objc; path = PhotoPresenter.m; sourceTree = "<group>"; };
		6D29552F1F45971700A47A91 /* TableViewPresenter.h */ = {isa = PBXFileReference; fileEncoding = 4; lastKnownFileType = sourcecode.c.h; path = TableViewPresenter.h; sourceTree = "<group>"; };
		6D2955301F45971700A47A91 /* TableViewPresenter.m */ = {isa = PBXFileReference; fileEncoding = 4; lastKnownFileType = sourcecode.c.objc; path = TableViewPresenter.m; sourceTree = "<group>"; };
		6D2955341F459AB900A47A91 /* TextViewController.h */ = {isa = PBXFileReference; fileEncoding = 4; lastKnownFileType = sourcecode.c.h; path = TextViewController.h; sourceTree = "<group>"; };
		6D2955351F459AB900A47A91 /* TextViewController.m */ = {isa = PBXFileReference; fileEncoding = 4; lastKnownFileType = sourcecode.c.objc; path = TextViewController.m; sourceTree = "<group>"; };
		6D2955361F459AB900A47A91 /* TextViewController.xib */ = {isa = PBXFileReference; fileEncoding = 4; lastKnownFileType = file.xib; path = TextViewController.xib; sourceTree = "<group>"; };
		6D29553D1F459ACA00A47A91 /* PhotoViewController.h */ = {isa = PBXFileReference; fileEncoding = 4; lastKnownFileType = sourcecode.c.h; path = PhotoViewController.h; sourceTree = "<group>"; };
		6D29553E1F459ACA00A47A91 /* PhotoViewController.m */ = {isa = PBXFileReference; fileEncoding = 4; lastKnownFileType = sourcecode.c.objc; path = PhotoViewController.m; sourceTree = "<group>"; };
		6D29553F1F459ACA00A47A91 /* PhotoViewController.xib */ = {isa = PBXFileReference; fileEncoding = 4; lastKnownFileType = file.xib; path = PhotoViewController.xib; sourceTree = "<group>"; };
		E0BA84F61F25E10800AA552A /* MVPDemo.app */ = {isa = PBXFileReference; explicitFileType = wrapper.application; includeInIndex = 0; path = MVPDemo.app; sourceTree = BUILT_PRODUCTS_DIR; };
		E0BA84FA1F25E10800AA552A /* main.m */ = {isa = PBXFileReference; lastKnownFileType = sourcecode.c.objc; path = main.m; sourceTree = "<group>"; };
		E0BA84FC1F25E10800AA552A /* AppDelegate.h */ = {isa = PBXFileReference; lastKnownFileType = sourcecode.c.h; path = AppDelegate.h; sourceTree = "<group>"; };
		E0BA84FD1F25E10800AA552A /* AppDelegate.m */ = {isa = PBXFileReference; lastKnownFileType = sourcecode.c.objc; path = AppDelegate.m; sourceTree = "<group>"; };
		E0BA84FF1F25E10800AA552A /* ViewController.h */ = {isa = PBXFileReference; lastKnownFileType = sourcecode.c.h; path = ViewController.h; sourceTree = "<group>"; };
		E0BA85001F25E10800AA552A /* ViewController.m */ = {isa = PBXFileReference; lastKnownFileType = sourcecode.c.objc; path = ViewController.m; sourceTree = "<group>"; };
		E0BA85031F25E10800AA552A /* Base */ = {isa = PBXFileReference; lastKnownFileType = file.storyboard; name = Base; path = Base.lproj/Main.storyboard; sourceTree = "<group>"; };
		E0BA85051F25E10800AA552A /* Assets.xcassets */ = {isa = PBXFileReference; lastKnownFileType = folder.assetcatalog; path = Assets.xcassets; sourceTree = "<group>"; };
		E0BA85081F25E10800AA552A /* Base */ = {isa = PBXFileReference; lastKnownFileType = file.storyboard; name = Base; path = Base.lproj/LaunchScreen.storyboard; sourceTree = "<group>"; };
		E0BA850A1F25E10800AA552A /* Info.plist */ = {isa = PBXFileReference; lastKnownFileType = text.plist.xml; path = Info.plist; sourceTree = "<group>"; };
		E0BA850F1F25E10800AA552A /* MVPDemoTests.xctest */ = {isa = PBXFileReference; explicitFileType = wrapper.cfbundle; includeInIndex = 0; path = MVPDemoTests.xctest; sourceTree = BUILT_PRODUCTS_DIR; };
		E0BA85131F25E10800AA552A /* MVPDemoTests.m */ = {isa = PBXFileReference; lastKnownFileType = sourcecode.c.objc; path = MVPDemoTests.m; sourceTree = "<group>"; };
		E0BA85151F25E10800AA552A /* Info.plist */ = {isa = PBXFileReference; lastKnownFileType = text.plist.xml; path = Info.plist; sourceTree = "<group>"; };
		E0BA851A1F25E10800AA552A /* MVPDemoUITests.xctest */ = {isa = PBXFileReference; explicitFileType = wrapper.cfbundle; includeInIndex = 0; path = MVPDemoUITests.xctest; sourceTree = BUILT_PRODUCTS_DIR; };
		E0BA851E1F25E10800AA552A /* MVPDemoUITests.m */ = {isa = PBXFileReference; lastKnownFileType = sourcecode.c.objc; path = MVPDemoUITests.m; sourceTree = "<group>"; };
		E0BA85201F25E10800AA552A /* Info.plist */ = {isa = PBXFileReference; lastKnownFileType = text.plist.xml; path = Info.plist; sourceTree = "<group>"; };
		E0BA852E1F25E4FA00AA552A /* LoginModel.h */ = {isa = PBXFileReference; fileEncoding = 4; lastKnownFileType = sourcecode.c.h; name = LoginModel.h; path = MVP/Model/LoginModel.h; sourceTree = "<group>"; };
		E0BA852F1F25E4FA00AA552A /* LoginModel.m */ = {isa = PBXFileReference; fileEncoding = 4; lastKnownFileType = sourcecode.c.objc; name = LoginModel.m; path = MVP/Model/LoginModel.m; sourceTree = "<group>"; };
		E0BA85341F25E66F00AA552A /* HttpUtils.h */ = {isa = PBXFileReference; fileEncoding = 4; lastKnownFileType = sourcecode.c.h; name = HttpUtils.h; path = Http/HttpUtils.h; sourceTree = "<group>"; };
		E0BA85351F25E66F00AA552A /* HttpUtils.m */ = {isa = PBXFileReference; fileEncoding = 4; lastKnownFileType = sourcecode.c.objc; name = HttpUtils.m; path = Http/HttpUtils.m; sourceTree = "<group>"; };
		E0BA85401F25ED2200AA552A /* LoginViewDelegate.h */ = {isa = PBXFileReference; fileEncoding = 4; lastKnownFileType = sourcecode.c.h; name = LoginViewDelegate.h; path = MVP/View/LoginViewDelegate.h; sourceTree = "<group>"; };
		E0BA85421F25EF3700AA552A /* LoginPresenter.h */ = {isa = PBXFileReference; fileEncoding = 4; lastKnownFileType = sourcecode.c.h; name = LoginPresenter.h; path = MVP/Presenter/LoginPresenter.h; sourceTree = "<group>"; };
		E0BA85431F25EF3700AA552A /* LoginPresenter.m */ = {isa = PBXFileReference; fileEncoding = 4; lastKnownFileType = sourcecode.c.objc; name = LoginPresenter.m; path = MVP/Presenter/LoginPresenter.m; sourceTree = "<group>"; };
/* End PBXFileReference section */

/* Begin PBXFrameworksBuildPhase section */
		E0BA84F31F25E10800AA552A /* Frameworks */ = {
			isa = PBXFrameworksBuildPhase;
			buildActionMask = 2147483647;
			files = (
			);
			runOnlyForDeploymentPostprocessing = 0;
		};
		E0BA850C1F25E10800AA552A /* Frameworks */ = {
			isa = PBXFrameworksBuildPhase;
			buildActionMask = 2147483647;
			files = (
			);
			runOnlyForDeploymentPostprocessing = 0;
		};
		E0BA85171F25E10800AA552A /* Frameworks */ = {
			isa = PBXFrameworksBuildPhase;
			buildActionMask = 2147483647;
			files = (
			);
			runOnlyForDeploymentPostprocessing = 0;
		};
/* End PBXFrameworksBuildPhase section */

/* Begin PBXGroup section */
		6D2954C61F4576F500A47A91 /*  StepUpMvp */ = {
			isa = PBXGroup;
			children = (
				6D2954C71F45772B00A47A91 /* Model */,
				6D2954C81F45772B00A47A91 /* Presenter */,
				6D2954C91F45772B00A47A91 /* View */,
				6D2954CA1F45772B00A47A91 /* ViewController */,
			);
			path = " StepUpMvp";
			sourceTree = "<group>";
		};
		6D2954C71F45772B00A47A91 /* Model */ = {
			isa = PBXGroup;
			children = (
				6D2954E81F4584FA00A47A91 /* DemoText.h */,
				6D2954E91F4584FA00A47A91 /* DemoText.m */,
				6D2954ED1F45851700A47A91 /* DemoPhoto.h */,
				6D2954EE1F45851700A47A91 /* DemoPhoto.m */,
				6D2954F21F45852700A47A91 /* DemoPhotoList.h */,
				6D2954F31F45852700A47A91 /* DemoPhotoList.m */,
				6D2954F71F4585D800A47A91 /* DemoTimeLine.h */,
				6D2954F81F4585D800A47A91 /* DemoTimeLine.m */,
			);
			path = Model;
			sourceTree = "<group>";
		};
		6D2954C81F45772B00A47A91 /* Presenter */ = {
			isa = PBXGroup;
			children = (
				6D2954E21F45826000A47A91 /* DemoPresenterProtocol.h */,
				6D2955251F45913E00A47A91 /* TextPresenter.h */,
				6D2955261F45913E00A47A91 /* TextPresenter.m */,
				6D29552A1F4592E300A47A91 /* PhotoPresenter.h */,
				6D29552B1F4592E300A47A91 /* PhotoPresenter.m */,
				6D29552F1F45971700A47A91 /* TableViewPresenter.h */,
				6D2955301F45971700A47A91 /* TableViewPresenter.m */,
				6D0BBB601F45D8DF001CFDE3 /* PhotoListPresenter.h */,
				6D0BBB611F45D8DF001CFDE3 /* PhotoListPresenter.m */,
			);
			path = Presenter;
			sourceTree = "<group>";
		};
		6D2954C91F45772B00A47A91 /* View */ = {
			isa = PBXGroup;
			children = (
				6D0BBB4E1F45CC87001CFDE3 /* PhotoCollectionViewCell.h */,
				6D0BBB4F1F45CC87001CFDE3 /* PhotoCollectionViewCell.m */,
				6D0BBB501F45CC87001CFDE3 /* PhotoCollectionViewCell.xib */,
				6D0BBB651F45EFE2001CFDE3 /* DemoTextCell.h */,
				6D0BBB661F45EFE2001CFDE3 /* DemoTextCell.m */,
				6D0BBB671F45EFE2001CFDE3 /* DemoTextCell.xib */,
				6D0BBB6E1F45EFF5001CFDE3 /* DemoPhotoCell.h */,
				6D0BBB6F1F45EFF5001CFDE3 /* DemoPhotoCell.m */,
				6D0BBB701F45EFF5001CFDE3 /* DemoPhotoCell.xib */,
				6D0BBB771F45F012001CFDE3 /* DemoPhotoListCell.h */,
				6D0BBB781F45F012001CFDE3 /* DemoPhotoListCell.m */,
				6D0BBB791F45F012001CFDE3 /* DemoPhotoListCell.xib */,
			);
			path = View;
			sourceTree = "<group>";
		};
		6D2954CA1F45772B00A47A91 /* ViewController */ = {
			isa = PBXGroup;
			children = (
				6D2954CB1F45777300A47A91 /* MainViewController.h */,
				6D2954CC1F45777300A47A91 /* MainViewController.m */,
				6D2954CD1F45777300A47A91 /* MainViewController.xib */,
				6D2955341F459AB900A47A91 /* TextViewController.h */,
				6D2955351F459AB900A47A91 /* TextViewController.m */,
				6D2955361F459AB900A47A91 /* TextViewController.xib */,
				6D29553D1F459ACA00A47A91 /* PhotoViewController.h */,
				6D29553E1F459ACA00A47A91 /* PhotoViewController.m */,
				6D29553F1F459ACA00A47A91 /* PhotoViewController.xib */,
			);
			path = ViewController;
			sourceTree = "<group>";
		};
		E0BA84ED1F25E10800AA552A = {
			isa = PBXGroup;
			children = (
				E0BA84F81F25E10800AA552A /* MVPDemo */,
				E0BA85121F25E10800AA552A /* MVPDemoTests */,
				E0BA851D1F25E10800AA552A /* MVPDemoUITests */,
				E0BA84F71F25E10800AA552A /* Products */,
			);
			sourceTree = "<group>";
		};
		E0BA84F71F25E10800AA552A /* Products */ = {
			isa = PBXGroup;
			children = (
				E0BA84F61F25E10800AA552A /* MVPDemo.app */,
				E0BA850F1F25E10800AA552A /* MVPDemoTests.xctest */,
				E0BA851A1F25E10800AA552A /* MVPDemoUITests.xctest */,
			);
			name = Products;
			sourceTree = "<group>";
		};
		E0BA84F81F25E10800AA552A /* MVPDemo */ = {
			isa = PBXGroup;
			children = (
				6D2954C61F4576F500A47A91 /*  StepUpMvp */,
				E0BA85331F25E61400AA552A /* Http */,
				E0BA852C1F25E48000AA552A /* MVP */,
				E0BA84FC1F25E10800AA552A /* AppDelegate.h */,
				E0BA84FD1F25E10800AA552A /* AppDelegate.m */,
				6D2954D41F45779C00A47A91 /* RootNavController.h */,
				6D2954D51F45779C00A47A91 /* RootNavController.m */,
				E0BA84FF1F25E10800AA552A /* ViewController.h */,
				E0BA85001F25E10800AA552A /* ViewController.m */,
				E0BA85021F25E10800AA552A /* Main.storyboard */,
				E0BA85051F25E10800AA552A /* Assets.xcassets */,
				E0BA85071F25E10800AA552A /* LaunchScreen.storyboard */,
				E0BA850A1F25E10800AA552A /* Info.plist */,
				E0BA84F91F25E10800AA552A /* Supporting Files */,
			);
			path = MVPDemo;
			sourceTree = "<group>";
		};
		E0BA84F91F25E10800AA552A /* Supporting Files */ = {
			isa = PBXGroup;
			children = (
				E0BA84FA1F25E10800AA552A /* main.m */,
			);
			name = "Supporting Files";
			sourceTree = "<group>";
		};
		E0BA85121F25E10800AA552A /* MVPDemoTests */ = {
			isa = PBXGroup;
			children = (
				E0BA85131F25E10800AA552A /* MVPDemoTests.m */,
				E0BA85151F25E10800AA552A /* Info.plist */,
			);
			path = MVPDemoTests;
			sourceTree = "<group>";
		};
		E0BA851D1F25E10800AA552A /* MVPDemoUITests */ = {
			isa = PBXGroup;
			children = (
				E0BA851E1F25E10800AA552A /* MVPDemoUITests.m */,
				E0BA85201F25E10800AA552A /* Info.plist */,
			);
			path = MVPDemoUITests;
			sourceTree = "<group>";
		};
		E0BA852C1F25E48000AA552A /* MVP */ = {
			isa = PBXGroup;
			children = (
				E0BA85411F25EEF200AA552A /* Presenter */,
				E0BA85391F25EC8700AA552A /* View */,
				E0BA852D1F25E49B00AA552A /* Model */,
			);
			name = MVP;
			sourceTree = "<group>";
		};
		E0BA852D1F25E49B00AA552A /* Model */ = {
			isa = PBXGroup;
			children = (
				E0BA852E1F25E4FA00AA552A /* LoginModel.h */,
				E0BA852F1F25E4FA00AA552A /* LoginModel.m */,
			);
			name = Model;
			sourceTree = "<group>";
		};
		E0BA85331F25E61400AA552A /* Http */ = {
			isa = PBXGroup;
			children = (
				E0BA85341F25E66F00AA552A /* HttpUtils.h */,
				E0BA85351F25E66F00AA552A /* HttpUtils.m */,
			);
			name = Http;
			sourceTree = "<group>";
		};
		E0BA85391F25EC8700AA552A /* View */ = {
			isa = PBXGroup;
			children = (
				E0BA85401F25ED2200AA552A /* LoginViewDelegate.h */,
			);
			name = View;
			sourceTree = "<group>";
		};
		E0BA85411F25EEF200AA552A /* Presenter */ = {
			isa = PBXGroup;
			children = (
				E0BA85421F25EF3700AA552A /* LoginPresenter.h */,
				E0BA85431F25EF3700AA552A /* LoginPresenter.m */,
			);
			name = Presenter;
			sourceTree = "<group>";
		};
/* End PBXGroup section */

/* Begin PBXNativeTarget section */
		E0BA84F51F25E10800AA552A /* MVPDemo */ = {
			isa = PBXNativeTarget;
			buildConfigurationList = E0BA85231F25E10800AA552A /* Build configuration list for PBXNativeTarget "MVPDemo" */;
			buildPhases = (
				E0BA84F21F25E10800AA552A /* Sources */,
				E0BA84F31F25E10800AA552A /* Frameworks */,
				E0BA84F41F25E10800AA552A /* Resources */,
			);
			buildRules = (
			);
			dependencies = (
			);
			name = MVPDemo;
			productName = MVPDemo;
			productReference = E0BA84F61F25E10800AA552A /* MVPDemo.app */;
			productType = "com.apple.product-type.application";
		};
		E0BA850E1F25E10800AA552A /* MVPDemoTests */ = {
			isa = PBXNativeTarget;
			buildConfigurationList = E0BA85261F25E10800AA552A /* Build configuration list for PBXNativeTarget "MVPDemoTests" */;
			buildPhases = (
				E0BA850B1F25E10800AA552A /* Sources */,
				E0BA850C1F25E10800AA552A /* Frameworks */,
				E0BA850D1F25E10800AA552A /* Resources */,
			);
			buildRules = (
			);
			dependencies = (
				E0BA85111F25E10800AA552A /* PBXTargetDependency */,
			);
			name = MVPDemoTests;
			productName = MVPDemoTests;
			productReference = E0BA850F1F25E10800AA552A /* MVPDemoTests.xctest */;
			productType = "com.apple.product-type.bundle.unit-test";
		};
		E0BA85191F25E10800AA552A /* MVPDemoUITests */ = {
			isa = PBXNativeTarget;
			buildConfigurationList = E0BA85291F25E10800AA552A /* Build configuration list for PBXNativeTarget "MVPDemoUITests" */;
			buildPhases = (
				E0BA85161F25E10800AA552A /* Sources */,
				E0BA85171F25E10800AA552A /* Frameworks */,
				E0BA85181F25E10800AA552A /* Resources */,
			);
			buildRules = (
			);
			dependencies = (
				E0BA851C1F25E10800AA552A /* PBXTargetDependency */,
			);
			name = MVPDemoUITests;
			productName = MVPDemoUITests;
			productReference = E0BA851A1F25E10800AA552A /* MVPDemoUITests.xctest */;
			productType = "com.apple.product-type.bundle.ui-testing";
		};
/* End PBXNativeTarget section */

/* Begin PBXProject section */
		E0BA84EE1F25E10800AA552A /* Project object */ = {
			isa = PBXProject;
			attributes = {
				LastUpgradeCheck = 0830;
				ORGANIZATIONNAME = Demo;
				TargetAttributes = {
					E0BA84F51F25E10800AA552A = {
						CreatedOnToolsVersion = 8.3.2;
						DevelopmentTeam = Y5WX43KK4M;
						ProvisioningStyle = Automatic;
					};
					E0BA850E1F25E10800AA552A = {
						CreatedOnToolsVersion = 8.3.2;
						DevelopmentTeam = 5G3E3YMC4T;
						ProvisioningStyle = Automatic;
						TestTargetID = E0BA84F51F25E10800AA552A;
					};
					E0BA85191F25E10800AA552A = {
						CreatedOnToolsVersion = 8.3.2;
						DevelopmentTeam = 5G3E3YMC4T;
						ProvisioningStyle = Automatic;
						TestTargetID = E0BA84F51F25E10800AA552A;
					};
				};
			};
			buildConfigurationList = E0BA84F11F25E10800AA552A /* Build configuration list for PBXProject "MVPDemo" */;
			compatibilityVersion = "Xcode 3.2";
			developmentRegion = English;
			hasScannedForEncodings = 0;
			knownRegions = (
				en,
				Base,
			);
			mainGroup = E0BA84ED1F25E10800AA552A;
			productRefGroup = E0BA84F71F25E10800AA552A /* Products */;
			projectDirPath = "";
			projectRoot = "";
			targets = (
				E0BA84F51F25E10800AA552A /* MVPDemo */,
				E0BA850E1F25E10800AA552A /* MVPDemoTests */,
				E0BA85191F25E10800AA552A /* MVPDemoUITests */,
			);
		};
/* End PBXProject section */

/* Begin PBXResourcesBuildPhase section */
		E0BA84F41F25E10800AA552A /* Resources */ = {
			isa = PBXResourcesBuildPhase;
			buildActionMask = 2147483647;
			files = (
				E0BA85091F25E10800AA552A /* LaunchScreen.storyboard in Resources */,
				6D0BBB741F45EFF5001CFDE3 /* DemoPhotoCell.xib in Resources */,
				6D29553A1F459AB900A47A91 /* TextViewController.xib in Resources */,
				E0BA85061F25E10800AA552A /* Assets.xcassets in Resources */,
				6D2955431F459ACA00A47A91 /* PhotoViewController.xib in Resources */,
				E0BA85041F25E10800AA552A /* Main.storyboard in Resources */,
				6D2954D11F45777300A47A91 /* MainViewController.xib in Resources */,
				6D0BBB541F45CC87001CFDE3 /* PhotoCollectionViewCell.xib in Resources */,
				6D0BBB6B1F45EFE2001CFDE3 /* DemoTextCell.xib in Resources */,
				6D0BBB7D1F45F012001CFDE3 /* DemoPhotoListCell.xib in Resources */,
			);
			runOnlyForDeploymentPostprocessing = 0;
		};
		E0BA850D1F25E10800AA552A /* Resources */ = {
			isa = PBXResourcesBuildPhase;
			buildActionMask = 2147483647;
			files = (
				6D2955441F459ACA00A47A91 /* PhotoViewController.xib in Resources */,
				6D0BBB6C1F45EFE2001CFDE3 /* DemoTextCell.xib in Resources */,
				6D0BBB751F45EFF5001CFDE3 /* DemoPhotoCell.xib in Resources */,
				6D0BBB7E1F45F012001CFDE3 /* DemoPhotoListCell.xib in Resources */,
				6D2954D21F45777300A47A91 /* MainViewController.xib in Resources */,
				6D0BBB551F45CC87001CFDE3 /* PhotoCollectionViewCell.xib in Resources */,
				6D29553B1F459AB900A47A91 /* TextViewController.xib in Resources */,
			);
			runOnlyForDeploymentPostprocessing = 0;
		};
		E0BA85181F25E10800AA552A /* Resources */ = {
			isa = PBXResourcesBuildPhase;
			buildActionMask = 2147483647;
			files = (
				6D2955451F459ACA00A47A91 /* PhotoViewController.xib in Resources */,
				6D0BBB6D1F45EFE2001CFDE3 /* DemoTextCell.xib in Resources */,
				6D0BBB761F45EFF5001CFDE3 /* DemoPhotoCell.xib in Resources */,
				6D0BBB7F1F45F012001CFDE3 /* DemoPhotoListCell.xib in Resources */,
				6D2954D31F45777300A47A91 /* MainViewController.xib in Resources */,
				6D0BBB561F45CC87001CFDE3 /* PhotoCollectionViewCell.xib in Resources */,
				6D29553C1F459AB900A47A91 /* TextViewController.xib in Resources */,
			);
			runOnlyForDeploymentPostprocessing = 0;
		};
/* End PBXResourcesBuildPhase section */

/* Begin PBXSourcesBuildPhase section */
		E0BA84F21F25E10800AA552A /* Sources */ = {
			isa = PBXSourcesBuildPhase;
			buildActionMask = 2147483647;
			files = (
				6D2955271F45913E00A47A91 /* TextPresenter.m in Sources */,
				E0BA85441F25EF3700AA552A /* LoginPresenter.m in Sources */,
				6D2955311F45971700A47A91 /* TableViewPresenter.m in Sources */,
				E0BA85011F25E10800AA552A /* ViewController.m in Sources */,
				6D0BBB621F45D8DF001CFDE3 /* PhotoListPresenter.m in Sources */,
				6D0BBB7A1F45F012001CFDE3 /* DemoPhotoListCell.m in Sources */,
				6D29552C1F4592E300A47A91 /* PhotoPresenter.m in Sources */,
				E0BA85361F25E66F00AA552A /* HttpUtils.m in Sources */,
				6D2954EA1F4584FA00A47A91 /* DemoText.m in Sources */,
				6D2955401F459ACA00A47A91 /* PhotoViewController.m in Sources */,
				6D2954D61F45779C00A47A91 /* RootNavController.m in Sources */,
				E0BA85301F25E4FA00AA552A /* LoginModel.m in Sources */,
				6D2954CE1F45777300A47A91 /* MainViewController.m in Sources */,
				6D0BBB511F45CC87001CFDE3 /* PhotoCollectionViewCell.m in Sources */,
				6D2954F91F4585D800A47A91 /* DemoTimeLine.m in Sources */,
				6D2954EF1F45851700A47A91 /* DemoPhoto.m in Sources */,
				E0BA84FE1F25E10800AA552A /* AppDelegate.m in Sources */,
				6D0BBB711F45EFF5001CFDE3 /* DemoPhotoCell.m in Sources */,
				6D2954F41F45852700A47A91 /* DemoPhotoList.m in Sources */,
				6D0BBB681F45EFE2001CFDE3 /* DemoTextCell.m in Sources */,
				6D2955371F459AB900A47A91 /* TextViewController.m in Sources */,
				E0BA84FB1F25E10800AA552A /* main.m in Sources */,
			);
			runOnlyForDeploymentPostprocessing = 0;
		};
		E0BA850B1F25E10800AA552A /* Sources */ = {
			isa = PBXSourcesBuildPhase;
			buildActionMask = 2147483647;
			files = (
				E0BA85451F25EF3700AA552A /* LoginPresenter.m in Sources */,
				E0BA85371F25E66F00AA552A /* HttpUtils.m in Sources */,
				6D2954EB1F4584FA00A47A91 /* DemoText.m in Sources */,
				6D2955411F459ACA00A47A91 /* PhotoViewController.m in Sources */,
				6D0BBB521F45CC87001CFDE3 /* PhotoCollectionViewCell.m in Sources */,
				6D0BBB631F45D8DF001CFDE3 /* PhotoListPresenter.m in Sources */,
				E0BA85141F25E10800AA552A /* MVPDemoTests.m in Sources */,
				6D2955321F45971700A47A91 /* TableViewPresenter.m in Sources */,
				6D2954F51F45852700A47A91 /* DemoPhotoList.m in Sources */,
				6D2954D71F45779C00A47A91 /* RootNavController.m in Sources */,
				6D2954F01F45851700A47A91 /* DemoPhoto.m in Sources */,
				6D0BBB691F45EFE2001CFDE3 /* DemoTextCell.m in Sources */,
				6D2954FA1F4585D800A47A91 /* DemoTimeLine.m in Sources */,
				6D0BBB7B1F45F012001CFDE3 /* DemoPhotoListCell.m in Sources */,
				6D29552D1F4592E300A47A91 /* PhotoPresenter.m in Sources */,
				6D2954CF1F45777300A47A91 /* MainViewController.m in Sources */,
				6D0BBB721F45EFF5001CFDE3 /* DemoPhotoCell.m in Sources */,
				E0BA85311F25E4FA00AA552A /* LoginModel.m in Sources */,
				6D2955381F459AB900A47A91 /* TextViewController.m in Sources */,
				6D2955281F45913E00A47A91 /* TextPresenter.m in Sources */,
			);
			runOnlyForDeploymentPostprocessing = 0;
		};
		E0BA85161F25E10800AA552A /* Sources */ = {
			isa = PBXSourcesBuildPhase;
			buildActionMask = 2147483647;
			files = (
				E0BA85461F25EF3700AA552A /* LoginPresenter.m in Sources */,
				E0BA85381F25E66F00AA552A /* HttpUtils.m in Sources */,
				6D2954EC1F4584FA00A47A91 /* DemoText.m in Sources */,
				6D2955421F459ACA00A47A91 /* PhotoViewController.m in Sources */,
				6D0BBB531F45CC87001CFDE3 /* PhotoCollectionViewCell.m in Sources */,
				6D0BBB641F45D8DF001CFDE3 /* PhotoListPresenter.m in Sources */,
				E0BA851F1F25E10800AA552A /* MVPDemoUITests.m in Sources */,
				6D2955331F45971700A47A91 /* TableViewPresenter.m in Sources */,
				6D2954F61F45852700A47A91 /* DemoPhotoList.m in Sources */,
				6D2954D81F45779C00A47A91 /* RootNavController.m in Sources */,
				6D2954F11F45851700A47A91 /* DemoPhoto.m in Sources */,
				6D0BBB6A1F45EFE2001CFDE3 /* DemoTextCell.m in Sources */,
				6D2954FB1F4585D800A47A91 /* DemoTimeLine.m in Sources */,
				6D0BBB7C1F45F012001CFDE3 /* DemoPhotoListCell.m in Sources */,
				6D29552E1F4592E300A47A91 /* PhotoPresenter.m in Sources */,
				6D2954D01F45777300A47A91 /* MainViewController.m in Sources */,
				6D0BBB731F45EFF5001CFDE3 /* DemoPhotoCell.m in Sources */,
				E0BA85321F25E4FA00AA552A /* LoginModel.m in Sources */,
				6D2955391F459AB900A47A91 /* TextViewController.m in Sources */,
				6D2955291F45913E00A47A91 /* TextPresenter.m in Sources */,
			);
			runOnlyForDeploymentPostprocessing = 0;
		};
/* End PBXSourcesBuildPhase section */

/* Begin PBXTargetDependency section */
		E0BA85111F25E10800AA552A /* PBXTargetDependency */ = {
			isa = PBXTargetDependency;
			target = E0BA84F51F25E10800AA552A /* MVPDemo */;
			targetProxy = E0BA85101F25E10800AA552A /* PBXContainerItemProxy */;
		};
		E0BA851C1F25E10800AA552A /* PBXTargetDependency */ = {
			isa = PBXTargetDependency;
			target = E0BA84F51F25E10800AA552A /* MVPDemo */;
			targetProxy = E0BA851B1F25E10800AA552A /* PBXContainerItemProxy */;
		};
/* End PBXTargetDependency section */

/* Begin PBXVariantGroup section */
		E0BA85021F25E10800AA552A /* Main.storyboard */ = {
			isa = PBXVariantGroup;
			children = (
				E0BA85031F25E10800AA552A /* Base */,
			);
			name = Main.storyboard;
			sourceTree = "<group>";
		};
		E0BA85071F25E10800AA552A /* LaunchScreen.storyboard */ = {
			isa = PBXVariantGroup;
			children = (
				E0BA85081F25E10800AA552A /* Base */,
			);
			name = LaunchScreen.storyboard;
			sourceTree = "<group>";
		};
/* End PBXVariantGroup section */

/* Begin XCBuildConfiguration section */
		E0BA85211F25E10800AA552A /* Debug */ = {
			isa = XCBuildConfiguration;
			buildSettings = {
				ALWAYS_SEARCH_USER_PATHS = NO;
				CLANG_ANALYZER_NONNULL = YES;
				CLANG_ANALYZER_NUMBER_OBJECT_CONVERSION = YES_AGGRESSIVE;
				CLANG_CXX_LANGUAGE_STANDARD = "gnu++0x";
				CLANG_CXX_LIBRARY = "libc++";
				CLANG_ENABLE_MODULES = YES;
				CLANG_ENABLE_OBJC_ARC = YES;
				CLANG_WARN_BOOL_CONVERSION = YES;
				CLANG_WARN_CONSTANT_CONVERSION = YES;
				CLANG_WARN_DIRECT_OBJC_ISA_USAGE = YES_ERROR;
				CLANG_WARN_DOCUMENTATION_COMMENTS = YES;
				CLANG_WARN_EMPTY_BODY = YES;
				CLANG_WARN_ENUM_CONVERSION = YES;
				CLANG_WARN_INFINITE_RECURSION = YES;
				CLANG_WARN_INT_CONVERSION = YES;
				CLANG_WARN_OBJC_ROOT_CLASS = YES_ERROR;
				CLANG_WARN_SUSPICIOUS_MOVE = YES;
				CLANG_WARN_UNREACHABLE_CODE = YES;
				CLANG_WARN__DUPLICATE_METHOD_MATCH = YES;
				"CODE_SIGN_IDENTITY[sdk=iphoneos*]" = "iPhone Developer";
				COPY_PHASE_STRIP = NO;
				DEBUG_INFORMATION_FORMAT = dwarf;
				ENABLE_STRICT_OBJC_MSGSEND = YES;
				ENABLE_TESTABILITY = YES;
				GCC_C_LANGUAGE_STANDARD = gnu99;
				GCC_DYNAMIC_NO_PIC = NO;
				GCC_NO_COMMON_BLOCKS = YES;
				GCC_OPTIMIZATION_LEVEL = 0;
				GCC_PREPROCESSOR_DEFINITIONS = (
					"DEBUG=1",
					"$(inherited)",
				);
				GCC_WARN_64_TO_32_BIT_CONVERSION = YES;
				GCC_WARN_ABOUT_RETURN_TYPE = YES_ERROR;
				GCC_WARN_UNDECLARED_SELECTOR = YES;
				GCC_WARN_UNINITIALIZED_AUTOS = YES_AGGRESSIVE;
				GCC_WARN_UNUSED_FUNCTION = YES;
				GCC_WARN_UNUSED_VARIABLE = YES;
				IPHONEOS_DEPLOYMENT_TARGET = 10.3;
				MTL_ENABLE_DEBUG_INFO = YES;
				ONLY_ACTIVE_ARCH = YES;
				SDKROOT = iphoneos;
			};
			name = Debug;
		};
		E0BA85221F25E10800AA552A /* Release */ = {
			isa = XCBuildConfiguration;
			buildSettings = {
				ALWAYS_SEARCH_USER_PATHS = NO;
				CLANG_ANALYZER_NONNULL = YES;
				CLANG_ANALYZER_NUMBER_OBJECT_CONVERSION = YES_AGGRESSIVE;
				CLANG_CXX_LANGUAGE_STANDARD = "gnu++0x";
				CLANG_CXX_LIBRARY = "libc++";
				CLANG_ENABLE_MODULES = YES;
				CLANG_ENABLE_OBJC_ARC = YES;
				CLANG_WARN_BOOL_CONVERSION = YES;
				CLANG_WARN_CONSTANT_CONVERSION = YES;
				CLANG_WARN_DIRECT_OBJC_ISA_USAGE = YES_ERROR;
				CLANG_WARN_DOCUMENTATION_COMMENTS = YES;
				CLANG_WARN_EMPTY_BODY = YES;
				CLANG_WARN_ENUM_CONVERSION = YES;
				CLANG_WARN_INFINITE_RECURSION = YES;
				CLANG_WARN_INT_CONVERSION = YES;
				CLANG_WARN_OBJC_ROOT_CLASS = YES_ERROR;
				CLANG_WARN_SUSPICIOUS_MOVE = YES;
				CLANG_WARN_UNREACHABLE_CODE = YES;
				CLANG_WARN__DUPLICATE_METHOD_MATCH = YES;
				"CODE_SIGN_IDENTITY[sdk=iphoneos*]" = "iPhone Developer";
				COPY_PHASE_STRIP = NO;
				DEBUG_INFORMATION_FORMAT = "dwarf-with-dsym";
				ENABLE_NS_ASSERTIONS = NO;
				ENABLE_STRICT_OBJC_MSGSEND = YES;
				GCC_C_LANGUAGE_STANDARD = gnu99;
				GCC_NO_COMMON_BLOCKS = YES;
				GCC_WARN_64_TO_32_BIT_CONVERSION = YES;
				GCC_WARN_ABOUT_RETURN_TYPE = YES_ERROR;
				GCC_WARN_UNDECLARED_SELECTOR = YES;
				GCC_WARN_UNINITIALIZED_AUTOS = YES_AGGRESSIVE;
				GCC_WARN_UNUSED_FUNCTION = YES;
				GCC_WARN_UNUSED_VARIABLE = YES;
				IPHONEOS_DEPLOYMENT_TARGET = 10.3;
				MTL_ENABLE_DEBUG_INFO = NO;
				SDKROOT = iphoneos;
				VALIDATE_PRODUCT = YES;
			};
			name = Release;
		};
		E0BA85241F25E10800AA552A /* Debug */ = {
			isa = XCBuildConfiguration;
			buildSettings = {
				ASSETCATALOG_COMPILER_APPICON_NAME = AppIcon;
				DEVELOPMENT_TEAM = Y5WX43KK4M;
				INFOPLIST_FILE = MVPDemo/Info.plist;
				LD_RUNPATH_SEARCH_PATHS = "$(inherited) @executable_path/Frameworks";
				PRODUCT_BUNDLE_IDENTIFIER = com.zzb.mvpDemo.MVPDemo;
				PRODUCT_NAME = "$(TARGET_NAME)";
			};
			name = Debug;
		};
		E0BA85251F25E10800AA552A /* Release */ = {
			isa = XCBuildConfiguration;
			buildSettings = {
				ASSETCATALOG_COMPILER_APPICON_NAME = AppIcon;
				DEVELOPMENT_TEAM = Y5WX43KK4M;
				INFOPLIST_FILE = MVPDemo/Info.plist;
				LD_RUNPATH_SEARCH_PATHS = "$(inherited) @executable_path/Frameworks";
				PRODUCT_BUNDLE_IDENTIFIER = com.zzb.mvpDemo.MVPDemo;
				PRODUCT_NAME = "$(TARGET_NAME)";
			};
			name = Release;
		};
		E0BA85271F25E10800AA552A /* Debug */ = {
			isa = XCBuildConfiguration;
			buildSettings = {
				BUNDLE_LOADER = "$(TEST_HOST)";
				DEVELOPMENT_TEAM = 5G3E3YMC4T;
				INFOPLIST_FILE = MVPDemoTests/Info.plist;
				LD_RUNPATH_SEARCH_PATHS = "$(inherited) @executable_path/Frameworks @loader_path/Frameworks";
				PRODUCT_BUNDLE_IDENTIFIER = com.zzb.mvpDemo.MVPDemoTests;
				PRODUCT_NAME = "$(TARGET_NAME)";
				TEST_HOST = "$(BUILT_PRODUCTS_DIR)/MVPDemo.app/MVPDemo";
			};
			name = Debug;
		};
		E0BA85281F25E10800AA552A /* Release */ = {
			isa = XCBuildConfiguration;
			buildSettings = {
				BUNDLE_LOADER = "$(TEST_HOST)";
				DEVELOPMENT_TEAM = 5G3E3YMC4T;
				INFOPLIST_FILE = MVPDemoTests/Info.plist;
				LD_RUNPATH_SEARCH_PATHS = "$(inherited) @executable_path/Frameworks @loader_path/Frameworks";
				PRODUCT_BUNDLE_IDENTIFIER = com.zzb.mvpDemo.MVPDemoTests;
				PRODUCT_NAME = "$(TARGET_NAME)";
				TEST_HOST = "$(BUILT_PRODUCTS_DIR)/MVPDemo.app/MVPDemo";
			};
			name = Release;
		};
		E0BA852A1F25E10800AA552A /* Debug */ = {
			isa = XCBuildConfiguration;
			buildSettings = {
				DEVELOPMENT_TEAM = 5G3E3YMC4T;
				INFOPLIST_FILE = MVPDemoUITests/Info.plist;
				LD_RUNPATH_SEARCH_PATHS = "$(inherited) @executable_path/Frameworks @loader_path/Frameworks";
				PRODUCT_BUNDLE_IDENTIFIER = com.zzb.mvpDemo.MVPDemoUITests;
				PRODUCT_NAME = "$(TARGET_NAME)";
				TEST_TARGET_NAME = MVPDemo;
			};
			name = Debug;
		};
		E0BA852B1F25E10800AA552A /* Release */ = {
			isa = XCBuildConfiguration;
			buildSettings = {
				DEVELOPMENT_TEAM = 5G3E3YMC4T;
				INFOPLIST_FILE = MVPDemoUITests/Info.plist;
				LD_RUNPATH_SEARCH_PATHS = "$(inherited) @executable_path/Frameworks @loader_path/Frameworks";
				PRODUCT_BUNDLE_IDENTIFIER = com.zzb.mvpDemo.MVPDemoUITests;
				PRODUCT_NAME = "$(TARGET_NAME)";
				TEST_TARGET_NAME = MVPDemo;
			};
			name = Release;
		};
/* End XCBuildConfiguration section */

/* Begin XCConfigurationList section */
		E0BA84F11F25E10800AA552A /* Build configuration list for PBXProject "MVPDemo" */ = {
			isa = XCConfigurationList;
			buildConfigurations = (
				E0BA85211F25E10800AA552A /* Debug */,
				E0BA85221F25E10800AA552A /* Release */,
			);
			defaultConfigurationIsVisible = 0;
			defaultConfigurationName = Release;
		};
		E0BA85231F25E10800AA552A /* Build configuration list for PBXNativeTarget "MVPDemo" */ = {
			isa = XCConfigurationList;
			buildConfigurations = (
				E0BA85241F25E10800AA552A /* Debug */,
				E0BA85251F25E10800AA552A /* Release */,
			);
			defaultConfigurationIsVisible = 0;
			defaultConfigurationName = Release;
		};
		E0BA85261F25E10800AA552A /* Build configuration list for PBXNativeTarget "MVPDemoTests" */ = {
			isa = XCConfigurationList;
			buildConfigurations = (
				E0BA85271F25E10800AA552A /* Debug */,
				E0BA85281F25E10800AA552A /* Release */,
			);
			defaultConfigurationIsVisible = 0;
			defaultConfigurationName = Release;
		};
		E0BA85291F25E10800AA552A /* Build configuration list for PBXNativeTarget "MVPDemoUITests" */ = {
			isa = XCConfigurationList;
			buildConfigurations = (
				E0BA852A1F25E10800AA552A /* Debug */,
				E0BA852B1F25E10800AA552A /* Release */,
			);
			defaultConfigurationIsVisible = 0;
			defaultConfigurationName = Release;
		};
/* End XCConfigurationList section */
	};
	rootObject = E0BA84EE1F25E10800AA552A /* Project object */;
}
